
Microsoft Visual Studio Solution File, Format Version 12.00
# Visual Studio Version 16
VisualStudioVersion = 16.0.31129.286
MinimumVisualStudioVersion = 10.0.40219.1
Project("{9A19103F-16F7-4668-BE54-9A1E7A4F7556}") = "WinFormsApp1", "WinFormsApp1\WinFormsApp1.csproj", "{C65416BC-3B45-423B-9E55-69E4FC581DD7}"
EndProject
Project("{FAE04EC0-301F-11D3-BF4B-00C04F79EFBC}") = "WinFormsApp1Tests", "WinFormsApp1Tests\WinFormsApp1Tests.csproj", "{978BD34C-ADB8-4D06-BD14-A057E2B5A230}"
EndProject
Global
	GlobalSection(SolutionConfigurationPlatforms) = preSolution
		Debug|Any CPU = Debug|Any CPU
		Release|Any CPU = Release|Any CPU
	EndGlobalSection
	GlobalSection(ProjectConfigurationPlatforms) = postSolution
		{C65416BC-3B45-423B-9E55-69E4FC581DD7}.Debug|Any CPU.ActiveCfg = Debug|Any CPU
		{C65416BC-3B45-423B-9E55-69E4FC581DD7}.Debug|Any CPU.Build.0 = Debug|Any CPU
		{C65416BC-3B45-423B-9E55-69E4FC581DD7}.Release|Any CPU.ActiveCfg = Release|Any CPU
		{C65416BC-3B45-423B-9E55-69E4FC581DD7}.Release|Any CPU.Build.0 = Release|Any CPU
		{978BD34C-ADB8-4D06-BD14-A057E2B5A230}.Debug|Any CPU.ActiveCfg = Debug|Any CPU
		{978BD34C-ADB8-4D06-BD14-A057E2B5A230}.Debug|Any CPU.Build.0 = Debug|Any CPU
		{978BD34C-ADB8-4D06-BD14-A057E2B5A230}.Release|Any CPU.ActiveCfg = Release|Any CPU
		{978BD34C-ADB8-4D06-BD14-A057E2B5A230}.Release|Any CPU.Build.0 = Release|Any CPU
	EndGlobalSection
	GlobalSection(SolutionProperties) = preSolution
		HideSolutionNode = FALSE
	EndGlobalSection
	GlobalSection(ExtensibilityGlobals) = postSolution
		SolutionGuid = {87B81FEE-1101-41E8-B230-53D3AD729B9F}
	EndGlobalSection
EndGlobal
