
Microsoft Visual Studio Solution File, Format Version 12.00
# Visual Studio Version 16
VisualStudioVersion = 16.0.31129.286
MinimumVisualStudioVersion = 10.0.40219.1
Project("{9A19103F-16F7-4668-BE54-9A1E7A4F7556}") = "WinFormsApp2", "WinFormsApp2\WinFormsApp2.csproj", "{C402592C-0E6F-44D4-AEB7-19ADE36A3E61}"
EndProject
Project("{9A19103F-16F7-4668-BE54-9A1E7A4F7556}") = "WinFormsApp2Tests", "WinFormsApp2Tests\WinFormsApp2Tests.csproj", "{73A34C7D-07AA-405B-B8E6-9FFDB8DFFD5F}"
EndProject
Global
	GlobalSection(SolutionConfigurationPlatforms) = preSolution
		Debug|Any CPU = Debug|Any CPU
		Release|Any CPU = Release|Any CPU
	EndGlobalSection
	GlobalSection(ProjectConfigurationPlatforms) = postSolution
		{C402592C-0E6F-44D4-AEB7-19ADE36A3E61}.Debug|Any CPU.ActiveCfg = Debug|Any CPU
		{C402592C-0E6F-44D4-AEB7-19ADE36A3E61}.Debug|Any CPU.Build.0 = Debug|Any CPU
		{C402592C-0E6F-44D4-AEB7-19ADE36A3E61}.Release|Any CPU.ActiveCfg = Release|Any CPU
		{C402592C-0E6F-44D4-AEB7-19ADE36A3E61}.Release|Any CPU.Build.0 = Release|Any CPU
		{73A34C7D-07AA-405B-B8E6-9FFDB8DFFD5F}.Debug|Any CPU.ActiveCfg = Debug|Any CPU
		{73A34C7D-07AA-405B-B8E6-9FFDB8DFFD5F}.Debug|Any CPU.Build.0 = Debug|Any CPU
		{73A34C7D-07AA-405B-B8E6-9FFDB8DFFD5F}.Release|Any CPU.ActiveCfg = Release|Any CPU
		{73A34C7D-07AA-405B-B8E6-9FFDB8DFFD5F}.Release|Any CPU.Build.0 = Release|Any CPU
	EndGlobalSection
	GlobalSection(SolutionProperties) = preSolution
		HideSolutionNode = FALSE
	EndGlobalSection
	GlobalSection(ExtensibilityGlobals) = postSolution
		SolutionGuid = {E4B1565D-E933-4711-B8D3-9CA9E34721A5}
	EndGlobalSection
EndGlobal
